// !$*UTF8*$!
{
	archiveVersion = 1;
	classes = {
	};
	objectVersion = 55;
	objects = {

/* Begin PBXBuildFile section */
		8B70223F276F00B800323A97 /* oxford-3000 in Resources */ = {isa = PBXBuildFile; fileRef = 8B70223E276F00B800323A97 /* oxford-3000 */; };
		8B702242277100C000323A97 /* SettingsViewModel.swift in Sources */ = {isa = PBXBuildFile; fileRef = 8B702241277100C000323A97 /* SettingsViewModel.swift */; };
		8B702244277100CB00323A97 /* SettingsView.swift in Sources */ = {isa = PBXBuildFile; fileRef = 8B702243277100CB00323A97 /* SettingsView.swift */; };
		8B7022472771013100323A97 /* GameManager.swift in Sources */ = {isa = PBXBuildFile; fileRef = 8B7022462771013100323A97 /* GameManager.swift */; };
		8B70224A2771089900323A97 /* WordFeedback.swift in Sources */ = {isa = PBXBuildFile; fileRef = 8B7022492771089900323A97 /* WordFeedback.swift */; };
		8B70224C277108C300323A97 /* Rules.swift in Sources */ = {isa = PBXBuildFile; fileRef = 8B70224B277108C300323A97 /* Rules.swift */; };
		8B70224F277116C700323A97 /* GameDictionary.swift in Sources */ = {isa = PBXBuildFile; fileRef = 8B70224E277116C700323A97 /* GameDictionary.swift */; };
		8B702252277145E900323A97 /* SelectCellView.swift in Sources */ = {isa = PBXBuildFile; fileRef = 8B702251277145E900323A97 /* SelectCellView.swift */; };
		8B7022542771612C00323A97 /* PickerCellView.swift in Sources */ = {isa = PBXBuildFile; fileRef = 8B7022532771612C00323A97 /* PickerCellView.swift */; };
		8B702256277654F500323A97 /* SettingsViewData.swift in Sources */ = {isa = PBXBuildFile; fileRef = 8B702255277654F500323A97 /* SettingsViewData.swift */; };
		8B70225827765D0C00323A97 /* Rule.swift in Sources */ = {isa = PBXBuildFile; fileRef = 8B70225727765D0C00323A97 /* Rule.swift */; };
		8BB8B2012777C20000A85FB9 /* ToggleCellView.swift in Sources */ = {isa = PBXBuildFile; fileRef = 8BB8B2002777C20000A85FB9 /* ToggleCellView.swift */; };
		8BEEAFA4276DB96C000ABB35 /* WordlApp.swift in Sources */ = {isa = PBXBuildFile; fileRef = 8BEEAFA3276DB96C000ABB35 /* WordlApp.swift */; };
		8BEEAFA6276DB96C000ABB35 /* MainView.swift in Sources */ = {isa = PBXBuildFile; fileRef = 8BEEAFA5276DB96C000ABB35 /* MainView.swift */; };
		8BEEAFA8276DB96D000ABB35 /* Assets.xcassets in Resources */ = {isa = PBXBuildFile; fileRef = 8BEEAFA7276DB96D000ABB35 /* Assets.xcassets */; };
		8BEEAFAB276DB96D000ABB35 /* Preview Assets.xcassets in Resources */ = {isa = PBXBuildFile; fileRef = 8BEEAFAA276DB96D000ABB35 /* Preview Assets.xcassets */; };
		8BEEAFB4276DBB7A000ABB35 /* MainViewModel.swift in Sources */ = {isa = PBXBuildFile; fileRef = 8BEEAFB3276DBB7A000ABB35 /* MainViewModel.swift */; };
		8BEEAFB8276DBDE2000ABB35 /* words in Resources */ = {isa = PBXBuildFile; fileRef = 8BEEAFB6276DBDE2000ABB35 /* words */; };
		8BEEAFB9276DBDE2000ABB35 /* propernames in Resources */ = {isa = PBXBuildFile; fileRef = 8BEEAFB7276DBDE2000ABB35 /* propernames */; };
/* End PBXBuildFile section */

/* Begin PBXFileReference section */
		8B70223E276F00B800323A97 /* oxford-3000 */ = {isa = PBXFileReference; fileEncoding = 4; lastKnownFileType = text; path = "oxford-3000"; sourceTree = "<group>"; };
		8B702241277100C000323A97 /* SettingsViewModel.swift */ = {isa = PBXFileReference; lastKnownFileType = sourcecode.swift; path = SettingsViewModel.swift; sourceTree = "<group>"; };
		8B702243277100CB00323A97 /* SettingsView.swift */ = {isa = PBXFileReference; lastKnownFileType = sourcecode.swift; path = SettingsView.swift; sourceTree = "<group>"; };
		8B7022462771013100323A97 /* GameManager.swift */ = {isa = PBXFileReference; lastKnownFileType = sourcecode.swift; path = GameManager.swift; sourceTree = "<group>"; };
		8B7022492771089900323A97 /* WordFeedback.swift */ = {isa = PBXFileReference; lastKnownFileType = sourcecode.swift; path = WordFeedback.swift; sourceTree = "<group>"; };
		8B70224B277108C300323A97 /* Rules.swift */ = {isa = PBXFileReference; lastKnownFileType = sourcecode.swift; path = Rules.swift; sourceTree = "<group>"; };
		8B70224E277116C700323A97 /* GameDictionary.swift */ = {isa = PBXFileReference; lastKnownFileType = sourcecode.swift; path = GameDictionary.swift; sourceTree = "<group>"; };
		8B702251277145E900323A97 /* SelectCellView.swift */ = {isa = PBXFileReference; lastKnownFileType = sourcecode.swift; path = SelectCellView.swift; sourceTree = "<group>"; };
		8B7022532771612C00323A97 /* PickerCellView.swift */ = {isa = PBXFileReference; lastKnownFileType = sourcecode.swift; path = PickerCellView.swift; sourceTree = "<group>"; };
		8B702255277654F500323A97 /* SettingsViewData.swift */ = {isa = PBXFileReference; lastKnownFileType = sourcecode.swift; path = SettingsViewData.swift; sourceTree = "<group>"; };
		8B70225727765D0C00323A97 /* Rule.swift */ = {isa = PBXFileReference; lastKnownFileType = sourcecode.swift; path = Rule.swift; sourceTree = "<group>"; };
		8BB8B2002777C20000A85FB9 /* ToggleCellView.swift */ = {isa = PBXFileReference; lastKnownFileType = sourcecode.swift; path = ToggleCellView.swift; sourceTree = "<group>"; };
		8BEEAFA0276DB96C000ABB35 /* Wordl.app */ = {isa = PBXFileReference; explicitFileType = wrapper.application; includeInIndex = 0; path = Wordl.app; sourceTree = BUILT_PRODUCTS_DIR; };
		8BEEAFA3276DB96C000ABB35 /* WordlApp.swift */ = {isa = PBXFileReference; lastKnownFileType = sourcecode.swift; path = WordlApp.swift; sourceTree = "<group>"; };
		8BEEAFA5276DB96C000ABB35 /* MainView.swift */ = {isa = PBXFileReference; lastKnownFileType = sourcecode.swift; path = MainView.swift; sourceTree = "<group>"; };
		8BEEAFA7276DB96D000ABB35 /* Assets.xcassets */ = {isa = PBXFileReference; lastKnownFileType = folder.assetcatalog; path = Assets.xcassets; sourceTree = "<group>"; };
		8BEEAFAA276DB96D000ABB35 /* Preview Assets.xcassets */ = {isa = PBXFileReference; lastKnownFileType = folder.assetcatalog; path = "Preview Assets.xcassets"; sourceTree = "<group>"; };
		8BEEAFB3276DBB7A000ABB35 /* MainViewModel.swift */ = {isa = PBXFileReference; lastKnownFileType = sourcecode.swift; path = MainViewModel.swift; sourceTree = "<group>"; };
		8BEEAFB6276DBDE2000ABB35 /* words */ = {isa = PBXFileReference; fileEncoding = 4; lastKnownFileType = text; path = words; sourceTree = "<group>"; };
		8BEEAFB7276DBDE2000ABB35 /* propernames */ = {isa = PBXFileReference; fileEncoding = 4; lastKnownFileType = text; path = propernames; sourceTree = "<group>"; };
/* End PBXFileReference section */

/* Begin PBXFrameworksBuildPhase section */
		8BEEAF9D276DB96C000ABB35 /* Frameworks */ = {
			isa = PBXFrameworksBuildPhase;
			buildActionMask = 2147483647;
			files = (
			);
			runOnlyForDeploymentPostprocessing = 0;
		};
/* End PBXFrameworksBuildPhase section */

/* Begin PBXGroup section */
		8B7022402771009800323A97 /* Settings */ = {
			isa = PBXGroup;
			children = (
				8B702250277145D600323A97 /* CellViews */,
				8B702255277654F500323A97 /* SettingsViewData.swift */,
				8B702241277100C000323A97 /* SettingsViewModel.swift */,
				8B702243277100CB00323A97 /* SettingsView.swift */,
			);
			path = Settings;
			sourceTree = "<group>";
		};
		8B7022452771012000323A97 /* Managers */ = {
			isa = PBXGroup;
			children = (
				8B7022462771013100323A97 /* GameManager.swift */,
				8B70224E277116C700323A97 /* GameDictionary.swift */,
			);
			path = Managers;
			sourceTree = "<group>";
		};
		8B7022482771088D00323A97 /* Models */ = {
			isa = PBXGroup;
			children = (
				8B7022492771089900323A97 /* WordFeedback.swift */,
				8B70225727765D0C00323A97 /* Rule.swift */,
				8B70224B277108C300323A97 /* Rules.swift */,
			);
			path = Models;
			sourceTree = "<group>";
		};
		8B702250277145D600323A97 /* CellViews */ = {
			isa = PBXGroup;
			children = (
				8B702251277145E900323A97 /* SelectCellView.swift */,
				8BB8B2002777C20000A85FB9 /* ToggleCellView.swift */,
				8B7022532771612C00323A97 /* PickerCellView.swift */,
			);
			path = CellViews;
			sourceTree = "<group>";
		};
		8BEEAF97276DB96C000ABB35 = {
			isa = PBXGroup;
			children = (
				8BEEAFA2276DB96C000ABB35 /* Wordl */,
				8BEEAFA1276DB96C000ABB35 /* Products */,
			);
			sourceTree = "<group>";
		};
		8BEEAFA1276DB96C000ABB35 /* Products */ = {
			isa = PBXGroup;
			children = (
				8BEEAFA0276DB96C000ABB35 /* Wordl.app */,
			);
			name = Products;
			sourceTree = "<group>";
		};
		8BEEAFA2276DB96C000ABB35 /* Wordl */ = {
			isa = PBXGroup;
			children = (
				8B7022482771088D00323A97 /* Models */,
				8B7022452771012000323A97 /* Managers */,
				8BEEAFB1276DBAF8000ABB35 /* Views */,
				8BEEAFA3276DB96C000ABB35 /* WordlApp.swift */,
				8BEEAFB5276DBC96000ABB35 /* Supporting Files */,
				8BEEAFA9276DB96D000ABB35 /* Preview Content */,
			);
			path = Wordl;
			sourceTree = "<group>";
		};
		8BEEAFA9276DB96D000ABB35 /* Preview Content */ = {
			isa = PBXGroup;
			children = (
				8BEEAFAA276DB96D000ABB35 /* Preview Assets.xcassets */,
			);
			path = "Preview Content";
			sourceTree = "<group>";
		};
		8BEEAFB1276DBAF8000ABB35 /* Views */ = {
			isa = PBXGroup;
			children = (
				8B7022402771009800323A97 /* Settings */,
				8BEEAFB3276DBB7A000ABB35 /* MainViewModel.swift */,
				8BEEAFA5276DB96C000ABB35 /* MainView.swift */,
			);
			path = Views;
			sourceTree = "<group>";
		};
		8BEEAFB5276DBC96000ABB35 /* Supporting Files */ = {
			isa = PBXGroup;
			children = (
				8BEEAFB7276DBDE2000ABB35 /* propernames */,
				8BEEAFB6276DBDE2000ABB35 /* words */,
				8B70223E276F00B800323A97 /* oxford-3000 */,
				8BEEAFA7276DB96D000ABB35 /* Assets.xcassets */,
			);
			path = "Supporting Files";
			sourceTree = "<group>";
		};
/* End PBXGroup section */

/* Begin PBXNativeTarget section */
		8BEEAF9F276DB96C000ABB35 /* Wordl */ = {
			isa = PBXNativeTarget;
			buildConfigurationList = 8BEEAFAE276DB96D000ABB35 /* Build configuration list for PBXNativeTarget "Wordl" */;
			buildPhases = (
				8BEEAF9C276DB96C000ABB35 /* Sources */,
				8BEEAF9D276DB96C000ABB35 /* Frameworks */,
				8BEEAF9E276DB96C000ABB35 /* Resources */,
			);
			buildRules = (
			);
			dependencies = (
			);
			name = Wordl;
			productName = Wordl;
			productReference = 8BEEAFA0276DB96C000ABB35 /* Wordl.app */;
			productType = "com.apple.product-type.application";
		};
/* End PBXNativeTarget section */

/* Begin PBXProject section */
		8BEEAF98276DB96C000ABB35 /* Project object */ = {
			isa = PBXProject;
			attributes = {
				BuildIndependentTargetsInParallel = 1;
				LastSwiftUpdateCheck = 1320;
				LastUpgradeCheck = 1320;
				TargetAttributes = {
					8BEEAF9F276DB96C000ABB35 = {
						CreatedOnToolsVersion = 13.2;
					};
				};
			};
			buildConfigurationList = 8BEEAF9B276DB96C000ABB35 /* Build configuration list for PBXProject "Wordl" */;
			compatibilityVersion = "Xcode 13.0";
			developmentRegion = en;
			hasScannedForEncodings = 0;
			knownRegions = (
				en,
				Base,
			);
			mainGroup = 8BEEAF97276DB96C000ABB35;
			productRefGroup = 8BEEAFA1276DB96C000ABB35 /* Products */;
			projectDirPath = "";
			projectRoot = "";
			targets = (
				8BEEAF9F276DB96C000ABB35 /* Wordl */,
			);
		};
/* End PBXProject section */

/* Begin PBXResourcesBuildPhase section */
		8BEEAF9E276DB96C000ABB35 /* Resources */ = {
			isa = PBXResourcesBuildPhase;
			buildActionMask = 2147483647;
			files = (
				8BEEAFB8276DBDE2000ABB35 /* words in Resources */,
				8B70223F276F00B800323A97 /* oxford-3000 in Resources */,
				8BEEAFAB276DB96D000ABB35 /* Preview Assets.xcassets in Resources */,
				8BEEAFA8276DB96D000ABB35 /* Assets.xcassets in Resources */,
				8BEEAFB9276DBDE2000ABB35 /* propernames in Resources */,
			);
			runOnlyForDeploymentPostprocessing = 0;
		};
/* End PBXResourcesBuildPhase section */

/* Begin PBXSourcesBuildPhase section */
		8BEEAF9C276DB96C000ABB35 /* Sources */ = {
			isa = PBXSourcesBuildPhase;
			buildActionMask = 2147483647;
			files = (
				8BB8B2012777C20000A85FB9 /* ToggleCellView.swift in Sources */,
				8B702244277100CB00323A97 /* SettingsView.swift in Sources */,
				8B70224C277108C300323A97 /* Rules.swift in Sources */,
				8B7022542771612C00323A97 /* PickerCellView.swift in Sources */,
				8B7022472771013100323A97 /* GameManager.swift in Sources */,
				8B70224F277116C700323A97 /* GameDictionary.swift in Sources */,
				8B70225827765D0C00323A97 /* Rule.swift in Sources */,
				8B702252277145E900323A97 /* SelectCellView.swift in Sources */,
				8BEEAFA6276DB96C000ABB35 /* MainView.swift in Sources */,
				8B702256277654F500323A97 /* SettingsViewData.swift in Sources */,
				8BEEAFA4276DB96C000ABB35 /* WordlApp.swift in Sources */,
				8B70224A2771089900323A97 /* WordFeedback.swift in Sources */,
				8BEEAFB4276DBB7A000ABB35 /* MainViewModel.swift in Sources */,
				8B702242277100C000323A97 /* SettingsViewModel.swift in Sources */,
			);
			runOnlyForDeploymentPostprocessing = 0;
		};
/* End PBXSourcesBuildPhase section */

/* Begin XCBuildConfiguration section */
		8BEEAFAC276DB96D000ABB35 /* Debug */ = {
			isa = XCBuildConfiguration;
			buildSettings = {
				ALWAYS_SEARCH_USER_PATHS = NO;
				CLANG_ANALYZER_NONNULL = YES;
				CLANG_ANALYZER_NUMBER_OBJECT_CONVERSION = YES_AGGRESSIVE;
				CLANG_CXX_LANGUAGE_STANDARD = "gnu++17";
				CLANG_CXX_LIBRARY = "libc++";
				CLANG_ENABLE_MODULES = YES;
				CLANG_ENABLE_OBJC_ARC = YES;
				CLANG_ENABLE_OBJC_WEAK = YES;
				CLANG_WARN_BLOCK_CAPTURE_AUTORELEASING = YES;
				CLANG_WARN_BOOL_CONVERSION = YES;
				CLANG_WARN_COMMA = YES;
				CLANG_WARN_CONSTANT_CONVERSION = YES;
				CLANG_WARN_DEPRECATED_OBJC_IMPLEMENTATIONS = YES;
				CLANG_WARN_DIRECT_OBJC_ISA_USAGE = YES_ERROR;
				CLANG_WARN_DOCUMENTATION_COMMENTS = YES;
				CLANG_WARN_EMPTY_BODY = YES;
				CLANG_WARN_ENUM_CONVERSION = YES;
				CLANG_WARN_INFINITE_RECURSION = YES;
				CLANG_WARN_INT_CONVERSION = YES;
				CLANG_WARN_NON_LITERAL_NULL_CONVERSION = YES;
				CLANG_WARN_OBJC_IMPLICIT_RETAIN_SELF = YES;
				CLANG_WARN_OBJC_LITERAL_CONVERSION = YES;
				CLANG_WARN_OBJC_ROOT_CLASS = YES_ERROR;
				CLANG_WARN_QUOTED_INCLUDE_IN_FRAMEWORK_HEADER = YES;
				CLANG_WARN_RANGE_LOOP_ANALYSIS = YES;
				CLANG_WARN_STRICT_PROTOTYPES = YES;
				CLANG_WARN_SUSPICIOUS_MOVE = YES;
				CLANG_WARN_UNGUARDED_AVAILABILITY = YES_AGGRESSIVE;
				CLANG_WARN_UNREACHABLE_CODE = YES;
				CLANG_WARN__DUPLICATE_METHOD_MATCH = YES;
				COPY_PHASE_STRIP = NO;
				DEBUG_INFORMATION_FORMAT = dwarf;
				ENABLE_STRICT_OBJC_MSGSEND = YES;
				ENABLE_TESTABILITY = YES;
				GCC_C_LANGUAGE_STANDARD = gnu11;
				GCC_DYNAMIC_NO_PIC = NO;
				GCC_NO_COMMON_BLOCKS = YES;
				GCC_OPTIMIZATION_LEVEL = 0;
				GCC_PREPROCESSOR_DEFINITIONS = (
					"DEBUG=1",
					"$(inherited)",
				);
				GCC_WARN_64_TO_32_BIT_CONVERSION = YES;
				GCC_WARN_ABOUT_RETURN_TYPE = YES_ERROR;
				GCC_WARN_UNDECLARED_SELECTOR = YES;
				GCC_WARN_UNINITIALIZED_AUTOS = YES_AGGRESSIVE;
				GCC_WARN_UNUSED_FUNCTION = YES;
				GCC_WARN_UNUSED_VARIABLE = YES;
				IPHONEOS_DEPLOYMENT_TARGET = 15.2;
				MTL_ENABLE_DEBUG_INFO = INCLUDE_SOURCE;
				MTL_FAST_MATH = YES;
				ONLY_ACTIVE_ARCH = YES;
				SDKROOT = iphoneos;
				SWIFT_ACTIVE_COMPILATION_CONDITIONS = DEBUG;
				SWIFT_OPTIMIZATION_LEVEL = "-Onone";
			};
			name = Debug;
		};
		8BEEAFAD276DB96D000ABB35 /* Release */ = {
			isa = XCBuildConfiguration;
			buildSettings = {
				ALWAYS_SEARCH_USER_PATHS = NO;
				CLANG_ANALYZER_NONNULL = YES;
				CLANG_ANALYZER_NUMBER_OBJECT_CONVERSION = YES_AGGRESSIVE;
				CLANG_CXX_LANGUAGE_STANDARD = "gnu++17";
				CLANG_CXX_LIBRARY = "libc++";
				CLANG_ENABLE_MODULES = YES;
				CLANG_ENABLE_OBJC_ARC = YES;
				CLANG_ENABLE_OBJC_WEAK = YES;
				CLANG_WARN_BLOCK_CAPTURE_AUTORELEASING = YES;
				CLANG_WARN_BOOL_CONVERSION = YES;
				CLANG_WARN_COMMA = YES;
				CLANG_WARN_CONSTANT_CONVERSION = YES;
				CLANG_WARN_DEPRECATED_OBJC_IMPLEMENTATIONS = YES;
				CLANG_WARN_DIRECT_OBJC_ISA_USAGE = YES_ERROR;
				CLANG_WARN_DOCUMENTATION_COMMENTS = YES;
				CLANG_WARN_EMPTY_BODY = YES;
				CLANG_WARN_ENUM_CONVERSION = YES;
				CLANG_WARN_INFINITE_RECURSION = YES;
				CLANG_WARN_INT_CONVERSION = YES;
				CLANG_WARN_NON_LITERAL_NULL_CONVERSION = YES;
				CLANG_WARN_OBJC_IMPLICIT_RETAIN_SELF = YES;
				CLANG_WARN_OBJC_LITERAL_CONVERSION = YES;
				CLANG_WARN_OBJC_ROOT_CLASS = YES_ERROR;
				CLANG_WARN_QUOTED_INCLUDE_IN_FRAMEWORK_HEADER = YES;
				CLANG_WARN_RANGE_LOOP_ANALYSIS = YES;
				CLANG_WARN_STRICT_PROTOTYPES = YES;
				CLANG_WARN_SUSPICIOUS_MOVE = YES;
				CLANG_WARN_UNGUARDED_AVAILABILITY = YES_AGGRESSIVE;
				CLANG_WARN_UNREACHABLE_CODE = YES;
				CLANG_WARN__DUPLICATE_METHOD_MATCH = YES;
				COPY_PHASE_STRIP = NO;
				DEBUG_INFORMATION_FORMAT = "dwarf-with-dsym";
				ENABLE_NS_ASSERTIONS = NO;
				ENABLE_STRICT_OBJC_MSGSEND = YES;
				GCC_C_LANGUAGE_STANDARD = gnu11;
				GCC_NO_COMMON_BLOCKS = YES;
				GCC_WARN_64_TO_32_BIT_CONVERSION = YES;
				GCC_WARN_ABOUT_RETURN_TYPE = YES_ERROR;
				GCC_WARN_UNDECLARED_SELECTOR = YES;
				GCC_WARN_UNINITIALIZED_AUTOS = YES_AGGRESSIVE;
				GCC_WARN_UNUSED_FUNCTION = YES;
				GCC_WARN_UNUSED_VARIABLE = YES;
				IPHONEOS_DEPLOYMENT_TARGET = 15.2;
				MTL_ENABLE_DEBUG_INFO = NO;
				MTL_FAST_MATH = YES;
				SDKROOT = iphoneos;
				SWIFT_COMPILATION_MODE = wholemodule;
				SWIFT_OPTIMIZATION_LEVEL = "-O";
				VALIDATE_PRODUCT = YES;
			};
			name = Release;
		};
		8BEEAFAF276DB96D000ABB35 /* Debug */ = {
			isa = XCBuildConfiguration;
			buildSettings = {
				ASSETCATALOG_COMPILER_APPICON_NAME = AppIcon;
				ASSETCATALOG_COMPILER_GLOBAL_ACCENT_COLOR_NAME = AccentColor;
				CODE_SIGN_STYLE = Automatic;
				CURRENT_PROJECT_VERSION = 4;
				DEVELOPMENT_ASSET_PATHS = "\"Wordl/Preview Content\"";
				DEVELOPMENT_TEAM = 86WXZVZ79J;
				ENABLE_PREVIEWS = YES;
				GENERATE_INFOPLIST_FILE = YES;
				INFOPLIST_KEY_UIApplicationSceneManifest_Generation = YES;
				INFOPLIST_KEY_UIApplicationSupportsIndirectInputEvents = YES;
				INFOPLIST_KEY_UILaunchScreen_Generation = YES;
				INFOPLIST_KEY_UISupportedInterfaceOrientations_iPad = "UIInterfaceOrientationPortrait UIInterfaceOrientationPortraitUpsideDown UIInterfaceOrientationLandscapeLeft UIInterfaceOrientationLandscapeRight";
				INFOPLIST_KEY_UISupportedInterfaceOrientations_iPhone = "UIInterfaceOrientationPortrait UIInterfaceOrientationLandscapeLeft UIInterfaceOrientationLandscapeRight";
				IPHONEOS_DEPLOYMENT_TARGET = 15.0;
				LD_RUNPATH_SEARCH_PATHS = (
					"$(inherited)",
					"@executable_path/Frameworks",
				);
				MARKETING_VERSION = 1.0;
				PRODUCT_BUNDLE_IDENTIFIER = com.bap034.Wordl;
				PRODUCT_NAME = "$(TARGET_NAME)";
				SWIFT_EMIT_LOC_STRINGS = YES;
				SWIFT_VERSION = 5.0;
				TARGETED_DEVICE_FAMILY = "1,2";
			};
			name = Debug;
		};
		8BEEAFB0276DB96D000ABB35 /* Release */ = {
			isa = XCBuildConfiguration;
			buildSettings = {
				ASSETCATALOG_COMPILER_APPICON_NAME = AppIcon;
				ASSETCATALOG_COMPILER_GLOBAL_ACCENT_COLOR_NAME = AccentColor;
				CODE_SIGN_STYLE = Automatic;
				CURRENT_PROJECT_VERSION = 4;
				DEVELOPMENT_ASSET_PATHS = "\"Wordl/Preview Content\"";
				DEVELOPMENT_TEAM = 86WXZVZ79J;
				ENABLE_PREVIEWS = YES;
				GENERATE_INFOPLIST_FILE = YES;
				INFOPLIST_KEY_UIApplicationSceneManifest_Generation = YES;
				INFOPLIST_KEY_UIApplicationSupportsIndirectInputEvents = YES;
				INFOPLIST_KEY_UILaunchScreen_Generation = YES;
				INFOPLIST_KEY_UISupportedInterfaceOrientations_iPad = "UIInterfaceOrientationPortrait UIInterfaceOrientationPortraitUpsideDown UIInterfaceOrientationLandscapeLeft UIInterfaceOrientationLandscapeRight";
				INFOPLIST_KEY_UISupportedInterfaceOrientations_iPhone = "UIInterfaceOrientationPortrait UIInterfaceOrientationLandscapeLeft UIInterfaceOrientationLandscapeRight";
				IPHONEOS_DEPLOYMENT_TARGET = 15.0;
				LD_RUNPATH_SEARCH_PATHS = (
					"$(inherited)",
					"@executable_path/Frameworks",
				);
				MARKETING_VERSION = 1.0;
				PRODUCT_BUNDLE_IDENTIFIER = com.bap034.Wordl;
				PRODUCT_NAME = "$(TARGET_NAME)";
				SWIFT_EMIT_LOC_STRINGS = YES;
				SWIFT_VERSION = 5.0;
				TARGETED_DEVICE_FAMILY = "1,2";
			};
			name = Release;
		};
/* End XCBuildConfiguration section */

/* Begin XCConfigurationList section */
		8BEEAF9B276DB96C000ABB35 /* Build configuration list for PBXProject "Wordl" */ = {
			isa = XCConfigurationList;
			buildConfigurations = (
				8BEEAFAC276DB96D000ABB35 /* Debug */,
				8BEEAFAD276DB96D000ABB35 /* Release */,
			);
			defaultConfigurationIsVisible = 0;
			defaultConfigurationName = Release;
		};
		8BEEAFAE276DB96D000ABB35 /* Build configuration list for PBXNativeTarget "Wordl" */ = {
			isa = XCConfigurationList;
			buildConfigurations = (
				8BEEAFAF276DB96D000ABB35 /* Debug */,
				8BEEAFB0276DB96D000ABB35 /* Release */,
			);
			defaultConfigurationIsVisible = 0;
			defaultConfigurationName = Release;
		};
/* End XCConfigurationList section */
	};
	rootObject = 8BEEAF98276DB96C000ABB35 /* Project object */;
}
